<?xml version="1.0" encoding="utf-8"?>
<Project ToolsVersion="4.0" xmlns="http://schemas.microsoft.com/developer/msbuild/2003">
  <ItemGroup>
    <Filter Include="ソース ファイル">
      <UniqueIdentifier>{4FC737F1-C7A5-4376-A066-2A32D752A2FF}</UniqueIdentifier>
      <Extensions>cpp;c;cc;cxx;c++;cppm;ixx;def;odl;idl;hpj;bat;asm;asmx</Extensions>
    </Filter>
    <Filter Include="ヘッダー ファイル">
      <UniqueIdentifier>{93995380-89BD-4b04-88EB-625FBE52EBFB}</UniqueIdentifier>
      <Extensions>h;hh;hpp;hxx;h++;hm;inl;inc;ipp;xsd</Extensions>
    </Filter>
    <Filter Include="リソース ファイル">
      <UniqueIdentifier>{67DA6AB6-F800-4c08-8B7A-83BB121AAD01}</UniqueIdentifier>
      <Extensions>rc;ico;cur;bmp;dlg;rc2;rct;bin;rgs;gif;jpg;jpeg;jpe;resx;tiff;tif;png;wav;mfcribbon-ms</Extensions>
    </Filter>
    <Filter Include="system">
      <UniqueIdentifier>{42502e1e-32cd-4a6c-b3af-1177659079d0}</UniqueIdentifier>
    </Filter>
    <Filter Include="function">
      <UniqueIdentifier>{ebed6477-5007-4097-92d9-fe716bdc1385}</UniqueIdentifier>
    </Filter>
    <Filter Include="directx">
      <UniqueIdentifier>{9cec802e-dcbc-48a3-9bad-f4eef2419064}</UniqueIdentifier>
    </Filter>
    <Filter Include="directx\render_pipeline">
      <UniqueIdentifier>{8149ad65-f171-4d21-91a8-b1c2f1ac1d31}</UniqueIdentifier>
    </Filter>
    <Filter Include="directx\shader">
      <UniqueIdentifier>{0a4a41e3-ef88-4dc8-bba6-94fdd238c052}</UniqueIdentifier>
    </Filter>
    <Filter Include="directx\resource">
      <UniqueIdentifier>{7662c29f-6c29-4fa5-912f-8629027ea879}</UniqueIdentifier>
    </Filter>
    <Filter Include="directx\resource\constant_buffer">
      <UniqueIdentifier>{eda30765-8fc4-4f12-b36e-125951302ea6}</UniqueIdentifier>
    </Filter>
    <Filter Include="directx\resource\texture">
      <UniqueIdentifier>{a8353d0f-2b73-4e28-b3f8-608c02019197}</UniqueIdentifier>
    </Filter>
    <Filter Include="directx\render_pass">
      <UniqueIdentifier>{692163db-992c-4c9a-a373-2c95c15b6e07}</UniqueIdentifier>
    </Filter>
    <Filter Include="framework">
      <UniqueIdentifier>{21823521-ea5b-40fc-9c04-28cbc2f2ea74}</UniqueIdentifier>
    </Filter>
    <Filter Include="framework\scene">
      <UniqueIdentifier>{efb6f072-6c7b-45f7-8308-2261c757a2fa}</UniqueIdentifier>
    </Filter>
    <Filter Include="directx\camera">
      <UniqueIdentifier>{130549b3-e8ca-431e-a5fd-cabd56a878b5}</UniqueIdentifier>
    </Filter>
    <Filter Include="directx\resource\rendertexture">
      <UniqueIdentifier>{84e5cd0c-1fd7-4e0e-ba18-87828d7786d2}</UniqueIdentifier>
    </Filter>
  </ItemGroup>
  <ItemGroup>
    <ClCompile Include="source\system\main.cpp">
      <Filter>system</Filter>
    </ClCompile>
    <ClCompile Include="source\stdafx.cpp">
      <Filter>system</Filter>
    </ClCompile>
    <ClCompile Include="source\function\singleton.cpp">
      <Filter>function</Filter>
    </ClCompile>
    <ClCompile Include="source\system\mywindow.cpp">
      <Filter>system</Filter>
    </ClCompile>
    <ClCompile Include="source\directx\renderer.cpp">
      <Filter>directx</Filter>
    </ClCompile>
    <ClCompile Include="source\directx\render_pipeline\render_pipeline.cpp">
      <Filter>directx\render_pipeline</Filter>
    </ClCompile>
    <ClCompile Include="source\directx\render_pipeline\render_pipeline_descriptor.cpp">
      <Filter>directx\render_pipeline</Filter>
    </ClCompile>
    <ClCompile Include="source\directx\shader\shader.cpp">
      <Filter>directx\shader</Filter>
    </ClCompile>
    <ClCompile Include="source\directx\render_pipeline\render_pipeline_manager.cpp">
      <Filter>directx\render_pipeline</Filter>
    </ClCompile>
    <ClCompile Include="source\directx\render_pipeline\root_parameter_type.cpp">
      <Filter>directx\render_pipeline</Filter>
    </ClCompile>
    <ClCompile Include="source\directx\render_pipeline\root_parameter_descriptor.cpp">
      <Filter>directx\render_pipeline</Filter>
    </ClCompile>
    <ClCompile Include="source\directx\test_mesh.cpp">
      <Filter>directx</Filter>
    </ClCompile>
    <ClCompile Include="source\directx\vertex_helper.cpp">
      <Filter>directx</Filter>
    </ClCompile>
    <ClCompile Include="source\directx\resource\resource_manager.cpp">
      <Filter>directx\resource</Filter>
    </ClCompile>
    <ClCompile Include="source\directx\resource\constant_buffer\constant_buffer.cpp">
      <Filter>directx\resource\constant_buffer</Filter>
    </ClCompile>
    <ClCompile Include="source\directx\resource\constant_buffer\constant_buffer_manager.cpp">
      <Filter>directx\resource\constant_buffer</Filter>
    </ClCompile>
    <ClCompile Include="source\directx\resource\texture\texture_helper.cpp">
      <Filter>directx\resource\texture</Filter>
    </ClCompile>
    <ClCompile Include="source\directx\resource\texture\texture_manager.cpp">
      <Filter>directx\resource\texture</Filter>
    </ClCompile>
    <ClCompile Include="source\directx\resource\texture\texture.cpp">
      <Filter>directx\resource\texture</Filter>
    </ClCompile>
    <ClCompile Include="source\directx\renderpass\forward_render_pass.cpp">
      <Filter>directx\render_pass</Filter>
    </ClCompile>
    <ClCompile Include="source\directx\renderpass\gbuffer_render_pass.cpp">
      <Filter>directx\render_pass</Filter>
    </ClCompile>
    <ClCompile Include="source\directx\renderpass\render_pass.cpp">
      <Filter>directx\render_pass</Filter>
    </ClCompile>
    <ClCompile Include="source\framework\scene\scene.cpp">
      <Filter>framework\scene</Filter>
    </ClCompile>
    <ClCompile Include="source\framework\scene\scene_manager.cpp">
      <Filter>framework\scene</Filter>
    </ClCompile>
    <ClCompile Include="source\framework\scene\forwardrender_test_scene.cpp">
      <Filter>framework\scene</Filter>
    </ClCompile>
    <ClCompile Include="source\directx\camera\camera.cpp">
      <Filter>directx\camera</Filter>
    </ClCompile>
    <ClCompile Include="source\framework\scene\deferredrender_test_scene.cpp">
      <Filter>framework\scene</Filter>
    </ClCompile>
    <ClCompile Include="source\directx\resource\rendertexture\rendertexture.cpp">
      <Filter>directx\resource\rendertexture</Filter>
    </ClCompile>
    <ClCompile Include="source\directx\resource\rendertexture\rendertexture_manager.cpp">
      <Filter>directx\resource\rendertexture</Filter>
    </ClCompile>
    <ClCompile Include="source\directx\resource\rendertexture\depthstenciltexture.cpp">
      <Filter>directx\resource\rendertexture</Filter>
    </ClCompile>
    <ClCompile Include="source\directx\renderpass\lighting_render_pass.cpp">
      <Filter>directx\render_pass</Filter>
    </ClCompile>
    <ClCompile Include="source\directx\renderpass\final_blit_render_pass.cpp">
      <Filter>directx\render_pass</Filter>
    </ClCompile>
  </ItemGroup>
  <ItemGroup>
    <ClInclude Include="source\stdafx.h">
      <Filter>system</Filter>
    </ClInclude>
    <ClInclude Include="source\function\singleton.h">
      <Filter>function</Filter>
    </ClInclude>
    <ClInclude Include="source\system\mywindow.h">
      <Filter>system</Filter>
    </ClInclude>
    <ClInclude Include="source\system\system_data.h">
      <Filter>system</Filter>
    </ClInclude>
    <ClInclude Include="source\directx\renderer.h">
      <Filter>directx</Filter>
    </ClInclude>
    <ClInclude Include="source\directx\render_pipeline\render_pipeline.h">
      <Filter>directx\render_pipeline</Filter>
    </ClInclude>
    <ClInclude Include="source\directx\render_pipeline\render_pipeline_descriptor.h">
      <Filter>directx\render_pipeline</Filter>
    </ClInclude>
    <ClInclude Include="source\directx\render_pipeline\render_pipeline_manager.h">
      <Filter>directx\render_pipeline</Filter>
    </ClInclude>
    <ClInclude Include="source\directx\shader\shader.h">
      <Filter>directx\shader</Filter>
    </ClInclude>
    <ClInclude Include="source\directx\render_pipeline\root_parameter_type.h">
      <Filter>directx\render_pipeline</Filter>
    </ClInclude>
    <ClInclude Include="source\directx\render_pipeline\root_parameter_descriptor.h">
      <Filter>directx\render_pipeline</Filter>
    </ClInclude>
    <ClInclude Include="source\directx\test_mesh.h">
      <Filter>directx</Filter>
    </ClInclude>
    <ClInclude Include="source\directx\vertex_helper.h">
      <Filter>directx</Filter>
    </ClInclude>
    <ClInclude Include="source\directx\alignment_helper.h">
      <Filter>directx</Filter>
    </ClInclude>
    <ClInclude Include="source\directx\resource\constant_buffer\constant_buffer.h">
      <Filter>directx\resource\constant_buffer</Filter>
    </ClInclude>
    <ClInclude Include="source\directx\resource\constant_buffer\constant_buffer_manager.h">
      <Filter>directx\resource\constant_buffer</Filter>
    </ClInclude>
    <ClInclude Include="source\directx\resource\resource_manager.h">
      <Filter>directx\resource</Filter>
    </ClInclude>
    <ClInclude Include="source\directx\resource\texture\texture_manager.h">
      <Filter>directx\resource\texture</Filter>
    </ClInclude>
    <ClInclude Include="source\directx\resource\texture\texture_helper.h">
      <Filter>directx\resource\texture</Filter>
    </ClInclude>
    <ClInclude Include="source\directx\resource\texture\texture.h">
      <Filter>directx\resource\texture</Filter>
    </ClInclude>
    <ClInclude Include="source\directx\renderpass\forward_render_pass.h">
      <Filter>directx\render_pass</Filter>
    </ClInclude>
    <ClInclude Include="source\directx\renderpass\gbuffer_render_pass.h">
      <Filter>directx\render_pass</Filter>
    </ClInclude>
    <ClInclude Include="source\directx\renderpass\render_pass.h">
      <Filter>directx\render_pass</Filter>
    </ClInclude>
    <ClInclude Include="source\framework\scene\scene.h">
      <Filter>framework\scene</Filter>
    </ClInclude>
    <ClInclude Include="source\framework\scene\scene_manager.h">
      <Filter>framework\scene</Filter>
    </ClInclude>
    <ClInclude Include="source\framework\scene\forwardrender_test_scene.h">
      <Filter>framework\scene</Filter>
    </ClInclude>
    <ClInclude Include="source\directx\camera\camera.h">
      <Filter>directx\camera</Filter>
    </ClInclude>
    <ClInclude Include="source\directx\camera\camera_data.h">
      <Filter>directx\camera</Filter>
    </ClInclude>
    <ClInclude Include="source\framework\scene\deferredrender_test_scene.h">
      <Filter>framework\scene</Filter>
    </ClInclude>
    <ClInclude Include="source\directx\resource\rendertexture\rendertexture.h">
      <Filter>directx\resource\rendertexture</Filter>
    </ClInclude>
    <ClInclude Include="source\directx\resource\rendertexture\rendertexture_manager.h">
      <Filter>directx\resource\rendertexture</Filter>
    </ClInclude>
    <ClInclude Include="source\directx\resource\rendertexture\depthstenciltexture.h">
      <Filter>directx\resource\rendertexture</Filter>
    </ClInclude>
    <ClInclude Include="source\directx\renderpass\lighting_render_pass.h">
      <Filter>directx\render_pass</Filter>
    </ClInclude>
    <ClInclude Include="source\directx\renderpass\final_blit_render_pass.h">
      <Filter>directx\render_pass</Filter>
    </ClInclude>
  </ItemGroup>
  <ItemGroup>
    <FxCompile Include="source\directx\shader\basic_vs.hlsl">
      <Filter>directx\shader</Filter>
    </FxCompile>
    <FxCompile Include="source\directx\shader\basic_ps.hlsl">
      <Filter>directx\shader</Filter>
    </FxCompile>
    <FxCompile Include="source\directx\shader\gbuffer_vs.hlsl">
      <Filter>directx\shader</Filter>
    </FxCompile>
    <FxCompile Include="source\directx\shader\gbuffer_ps.hlsl">
      <Filter>directx\shader</Filter>
    </FxCompile>
    <FxCompile Include="source\directx\shader\lighting_ps.hlsl">
      <Filter>directx\shader</Filter>
    </FxCompile>
    <FxCompile Include="source\directx\shader\lgihting_vs.hlsl">
      <Filter>directx\shader</Filter>
    </FxCompile>
    <FxCompile Include="source\directx\shader\final_blit_vs.hlsl">
      <Filter>directx\shader</Filter>
    </FxCompile>
    <FxCompile Include="source\directx\shader\final_blit_ps.hlsl">
      <Filter>directx\shader</Filter>
    </FxCompile>
  </ItemGroup>
  <ItemGroup>
    <None Include="source\directx\shader\basic_header.hlsli">
      <Filter>directx\shader</Filter>
    </None>
    <None Include="source\directx\shader\gbuffer_header.hlsli">
      <Filter>directx\shader</Filter>
    </None>
    <None Include="source\directx\shader\lighting_header.hlsli">
      <Filter>directx\shader</Filter>
    </None>
    <None Include="source\directx\shader\final_blit_header.hlsli">
      <Filter>directx\shader</Filter>
    </None>
  </ItemGroup>
</Project>